
Microsoft Visual Studio Solution File, Format Version 12.00
# Visual Studio 15
VisualStudioVersion = 15.0.27004.2006
MinimumVisualStudioVersion = 10.0.40219.1
Project("{FAE04EC0-301F-11D3-BF4B-00C04F79EFBC}") = "Random Browser", "Random Browser\Random Browser.csproj", "{5CF63F04-D154-42EA-8A3E-0DFCDE8E8DDC}"
EndProject
Global
	GlobalSection(SolutionConfigurationPlatforms) = preSolution
		Debug|Any CPU = Debug|Any CPU
		Release|Any CPU = Release|Any CPU
	EndGlobalSection
	GlobalSection(ProjectConfigurationPlatforms) = postSolution
		{5CF63F04-D154-42EA-8A3E-0DFCDE8E8DDC}.Debug|Any CPU.ActiveCfg = Debug|Any CPU
		{5CF63F04-D154-42EA-8A3E-0DFCDE8E8DDC}.Debug|Any CPU.Build.0 = Debug|Any CPU
		{5CF63F04-D154-42EA-8A3E-0DFCDE8E8DDC}.Release|Any CPU.ActiveCfg = Release|Any CPU
		{5CF63F04-D154-42EA-8A3E-0DFCDE8E8DDC}.Release|Any CPU.Build.0 = Release|Any CPU
	EndGlobalSection
	GlobalSection(SolutionProperties) = preSolution
		HideSolutionNode = FALSE
	EndGlobalSection
	GlobalSection(ExtensibilityGlobals) = postSolution
		SolutionGuid = {F3F0E144-C937-437E-BFE1-02AB8EAAA46D}
	EndGlobalSection
EndGlobal
